
Microsoft Visual Studio Solution File, Format Version 12.00
# Visual Studio Version 17
VisualStudioVersion = 17.3.32825.248
MinimumVisualStudioVersion = 10.0.40219.1
Project("{FAE04EC0-301F-11D3-BF4B-00C04F79EFBC}") = "eTeneExamen.Android", "eTeneExamen.Android\eTeneExamen.Android.csproj", "{908FF7FD-11C0-4A4F-99D7-5E5B9DF63963}"
EndProject
Project("{FAE04EC0-301F-11D3-BF4B-00C04F79EFBC}") = "eTeneExamen.iOS", "eTeneExamen.iOS\eTeneExamen.iOS.csproj", "{E7C2C1A7-9C3A-45B9-9175-57AE6E022015}"
EndProject
Project("{FAE04EC0-301F-11D3-BF4B-00C04F79EFBC}") = "eTeneExamen", "eTeneExamen\eTeneExamen.csproj", "{13640B67-65AB-43B2-A7E6-3430151C1EB8}"
EndProject
Global
	GlobalSection(SolutionConfigurationPlatforms) = preSolution
		Debug|Any CPU = Debug|Any CPU
		Debug|iPhone = Debug|iPhone
		Debug|iPhoneSimulator = Debug|iPhoneSimulator
		Release|Any CPU = Release|Any CPU
		Release|iPhone = Release|iPhone
		Release|iPhoneSimulator = Release|iPhoneSimulator
	EndGlobalSection
	GlobalSection(ProjectConfigurationPlatforms) = postSolution
		{908FF7FD-11C0-4A4F-99D7-5E5B9DF63963}.Debug|Any CPU.ActiveCfg = Debug|Any CPU
		{908FF7FD-11C0-4A4F-99D7-5E5B9DF63963}.Debug|Any CPU.Build.0 = Debug|Any CPU
		{908FF7FD-11C0-4A4F-99D7-5E5B9DF63963}.Debug|Any CPU.Deploy.0 = Debug|Any CPU
		{908FF7FD-11C0-4A4F-99D7-5E5B9DF63963}.Debug|iPhone.ActiveCfg = Debug|Any CPU
		{908FF7FD-11C0-4A4F-99D7-5E5B9DF63963}.Debug|iPhone.Build.0 = Debug|Any CPU
		{908FF7FD-11C0-4A4F-99D7-5E5B9DF63963}.Debug|iPhone.Deploy.0 = Debug|Any CPU
		{908FF7FD-11C0-4A4F-99D7-5E5B9DF63963}.Debug|iPhoneSimulator.ActiveCfg = Debug|Any CPU
		{908FF7FD-11C0-4A4F-99D7-5E5B9DF63963}.Debug|iPhoneSimulator.Build.0 = Debug|Any CPU
		{908FF7FD-11C0-4A4F-99D7-5E5B9DF63963}.Debug|iPhoneSimulator.Deploy.0 = Debug|Any CPU
		{908FF7FD-11C0-4A4F-99D7-5E5B9DF63963}.Release|Any CPU.ActiveCfg = Release|Any CPU
		{908FF7FD-11C0-4A4F-99D7-5E5B9DF63963}.Release|Any CPU.Build.0 = Release|Any CPU
		{908FF7FD-11C0-4A4F-99D7-5E5B9DF63963}.Release|Any CPU.Deploy.0 = Release|Any CPU
		{908FF7FD-11C0-4A4F-99D7-5E5B9DF63963}.Release|iPhone.ActiveCfg = Release|Any CPU
		{908FF7FD-11C0-4A4F-99D7-5E5B9DF63963}.Release|iPhone.Build.0 = Release|Any CPU
		{908FF7FD-11C0-4A4F-99D7-5E5B9DF63963}.Release|iPhone.Deploy.0 = Release|Any CPU
		{908FF7FD-11C0-4A4F-99D7-5E5B9DF63963}.Release|iPhoneSimulator.ActiveCfg = Release|Any CPU
		{908FF7FD-11C0-4A4F-99D7-5E5B9DF63963}.Release|iPhoneSimulator.Build.0 = Release|Any CPU
		{908FF7FD-11C0-4A4F-99D7-5E5B9DF63963}.Release|iPhoneSimulator.Deploy.0 = Release|Any CPU
		{E7C2C1A7-9C3A-45B9-9175-57AE6E022015}.Debug|Any CPU.ActiveCfg = Debug|iPhone
		{E7C2C1A7-9C3A-45B9-9175-57AE6E022015}.Debug|Any CPU.Build.0 = Debug|iPhone
		{E7C2C1A7-9C3A-45B9-9175-57AE6E022015}.Debug|Any CPU.Deploy.0 = Debug|iPhone
		{E7C2C1A7-9C3A-45B9-9175-57AE6E022015}.Debug|iPhone.ActiveCfg = Debug|iPhone
		{E7C2C1A7-9C3A-45B9-9175-57AE6E022015}.Debug|iPhone.Build.0 = Debug|iPhone
		{E7C2C1A7-9C3A-45B9-9175-57AE6E022015}.Debug|iPhone.Deploy.0 = Debug|iPhone
		{E7C2C1A7-9C3A-45B9-9175-57AE6E022015}.Debug|iPhoneSimulator.ActiveCfg = Debug|iPhoneSimulator
		{E7C2C1A7-9C3A-45B9-9175-57AE6E022015}.Debug|iPhoneSimulator.Build.0 = Debug|iPhoneSimulator
		{E7C2C1A7-9C3A-45B9-9175-57AE6E022015}.Debug|iPhoneSimulator.Deploy.0 = Debug|iPhoneSimulator
		{E7C2C1A7-9C3A-45B9-9175-57AE6E022015}.Release|Any CPU.ActiveCfg = Release|iPhoneSimulator
		{E7C2C1A7-9C3A-45B9-9175-57AE6E022015}.Release|Any CPU.Build.0 = Release|iPhoneSimulator
		{E7C2C1A7-9C3A-45B9-9175-57AE6E022015}.Release|Any CPU.Deploy.0 = Release|iPhoneSimulator
		{E7C2C1A7-9C3A-45B9-9175-57AE6E022015}.Release|iPhone.ActiveCfg = Release|iPhone
		{E7C2C1A7-9C3A-45B9-9175-57AE6E022015}.Release|iPhone.Build.0 = Release|iPhone
		{E7C2C1A7-9C3A-45B9-9175-57AE6E022015}.Release|iPhone.Deploy.0 = Release|iPhone
		{E7C2C1A7-9C3A-45B9-9175-57AE6E022015}.Release|iPhoneSimulator.ActiveCfg = Release|iPhoneSimulator
		{E7C2C1A7-9C3A-45B9-9175-57AE6E022015}.Release|iPhoneSimulator.Build.0 = Release|iPhoneSimulator
		{E7C2C1A7-9C3A-45B9-9175-57AE6E022015}.Release|iPhoneSimulator.Deploy.0 = Release|iPhoneSimulator
		{13640B67-65AB-43B2-A7E6-3430151C1EB8}.Debug|Any CPU.ActiveCfg = Debug|Any CPU
		{13640B67-65AB-43B2-A7E6-3430151C1EB8}.Debug|Any CPU.Build.0 = Debug|Any CPU
		{13640B67-65AB-43B2-A7E6-3430151C1EB8}.Debug|Any CPU.Deploy.0 = Debug|Any CPU
		{13640B67-65AB-43B2-A7E6-3430151C1EB8}.Debug|iPhone.ActiveCfg = Debug|Any CPU
		{13640B67-65AB-43B2-A7E6-3430151C1EB8}.Debug|iPhone.Build.0 = Debug|Any CPU
		{13640B67-65AB-43B2-A7E6-3430151C1EB8}.Debug|iPhone.Deploy.0 = Debug|Any CPU
		{13640B67-65AB-43B2-A7E6-3430151C1EB8}.Debug|iPhoneSimulator.ActiveCfg = Debug|Any CPU
		{13640B67-65AB-43B2-A7E6-3430151C1EB8}.Debug|iPhoneSimulator.Build.0 = Debug|Any CPU
		{13640B67-65AB-43B2-A7E6-3430151C1EB8}.Debug|iPhoneSimulator.Deploy.0 = Debug|Any CPU
		{13640B67-65AB-43B2-A7E6-3430151C1EB8}.Release|Any CPU.ActiveCfg = Release|Any CPU
		{13640B67-65AB-43B2-A7E6-3430151C1EB8}.Release|Any CPU.Build.0 = Release|Any CPU
		{13640B67-65AB-43B2-A7E6-3430151C1EB8}.Release|Any CPU.Deploy.0 = Release|Any CPU
		{13640B67-65AB-43B2-A7E6-3430151C1EB8}.Release|iPhone.ActiveCfg = Release|Any CPU
		{13640B67-65AB-43B2-A7E6-3430151C1EB8}.Release|iPhone.Build.0 = Release|Any CPU
		{13640B67-65AB-43B2-A7E6-3430151C1EB8}.Release|iPhone.Deploy.0 = Release|Any CPU
		{13640B67-65AB-43B2-A7E6-3430151C1EB8}.Release|iPhoneSimulator.ActiveCfg = Release|Any CPU
		{13640B67-65AB-43B2-A7E6-3430151C1EB8}.Release|iPhoneSimulator.Build.0 = Release|Any CPU
		{13640B67-65AB-43B2-A7E6-3430151C1EB8}.Release|iPhoneSimulator.Deploy.0 = Release|Any CPU
	EndGlobalSection
	GlobalSection(SolutionProperties) = preSolution
		HideSolutionNode = FALSE
	EndGlobalSection
	GlobalSection(ExtensibilityGlobals) = postSolution
		SolutionGuid = {ED1A3446-9FD6-4449-AAAF-340F3B6D2B6E}
	EndGlobalSection
EndGlobal
